
Microsoft Visual Studio Solution File, Format Version 12.00
# Visual Studio 15
Project("{FAE04EC0-301F-11D3-BF4B-00C04F79EFBC}") = "UnityEditor.UI", "UnityEditor.UI.csproj", "{293658D7-A900-44BC-A507-8710B6E6229D}"
EndProject
Project("{FAE04EC0-301F-11D3-BF4B-00C04F79EFBC}") = "UnityEngine.UI", "UnityEngine.UI.csproj", "{3DE6BF8E-58C9-3D2D-724B-F5EEFF369334}"
EndProject
Project("{FAE04EC0-301F-11D3-BF4B-00C04F79EFBC}") = "Assembly-CSharp", "Assembly-CSharp.csproj", "{9CD4FC2D-8ED6-0C3C-153F-03D9165DA184}"
EndProject
Global
	GlobalSection(SolutionConfigurationPlatforms) = preSolution
		Debug|Any CPU = Debug|Any CPU
		Release|Any CPU = Release|Any CPU
	EndGlobalSection
	GlobalSection(ProjectConfigurationPlatforms) = postSolution
		{293658D7-A900-44BC-A507-8710B6E6229D}.Debug|Any CPU.ActiveCfg = Debug|Any CPU
		{293658D7-A900-44BC-A507-8710B6E6229D}.Debug|Any CPU.Build.0 = Debug|Any CPU
		{293658D7-A900-44BC-A507-8710B6E6229D}.Release|Any CPU.ActiveCfg = Release|Any CPU
		{293658D7-A900-44BC-A507-8710B6E6229D}.Release|Any CPU.Build.0 = Release|Any CPU
		{3DE6BF8E-58C9-3D2D-724B-F5EEFF369334}.Debug|Any CPU.ActiveCfg = Debug|Any CPU
		{3DE6BF8E-58C9-3D2D-724B-F5EEFF369334}.Debug|Any CPU.Build.0 = Debug|Any CPU
		{3DE6BF8E-58C9-3D2D-724B-F5EEFF369334}.Release|Any CPU.ActiveCfg = Release|Any CPU
		{3DE6BF8E-58C9-3D2D-724B-F5EEFF369334}.Release|Any CPU.Build.0 = Release|Any CPU
		{9CD4FC2D-8ED6-0C3C-153F-03D9165DA184}.Debug|Any CPU.ActiveCfg = Debug|Any CPU
		{9CD4FC2D-8ED6-0C3C-153F-03D9165DA184}.Debug|Any CPU.Build.0 = Debug|Any CPU
		{9CD4FC2D-8ED6-0C3C-153F-03D9165DA184}.Release|Any CPU.ActiveCfg = Release|Any CPU
		{9CD4FC2D-8ED6-0C3C-153F-03D9165DA184}.Release|Any CPU.Build.0 = Release|Any CPU
	EndGlobalSection
	GlobalSection(SolutionProperties) = preSolution
		HideSolutionNode = FALSE
	EndGlobalSection
EndGlobal
